{
  "originHash" : "d43f6fe83791cfde9e6ed55d9bf51b912b9624b7d7cb221d628ce0377f1c6a52",
  "pins" : [
    {
      "identity" : "mpvkit",
      "kind" : "remoteSourceControl",
      "location" : "https://github.com/NuvioMedia/MPVKit.git",
      "state" : {
        "revision" : "d5cf091c80368bbbc1bbf2d195fbc55d926df888"
      }
    }
  ],
  "version" : 3
}
