{
  "originHash" : "9dba35485c31734142a70bc1971b8d01755a8af0c45749c08f5eb02c303f88b4",
  "pins" : [
    {
      "identity" : "ffmpegkit",
      "kind" : "remoteSourceControl",
      "location" : "https://github.com/kingslay/FFmpegKit.git",
      "state" : {
        "revision" : "c32be9bfb628042737ad3ef622e930c5c7b15954",
        "version" : "6.1.4"
      }
    },
    {
      "identity" : "ksplayer",
      "kind" : "remoteSourceControl",
      "location" : "https://github.com/davidvanderklay/KSPlayer.git",
      "state" : {
        "revision" : "d7d152119173f5811ef0d5f54e768c26c8fcbc39"
      }
    }
  ],
  "version" : 3
}
